
Microsoft Visual Studio Solution File, Format Version 12.00
# Visual Studio Version 16
VisualStudioVersion = 16.0.30907.101
MinimumVisualStudioVersion = 15.0.26124.0
Project("{9A19103F-16F7-4668-BE54-9A1E7A4F7556}") = "QuickBuy.Web", "QuickBuy.Web\QuickBuy.Web.csproj", "{4D01FAB1-1425-4CFA-9AD3-16C385B03A8C}"
EndProject
Project("{9A19103F-16F7-4668-BE54-9A1E7A4F7556}") = "QuickBuy.Dominio", "QuickBuy.Dominio\QuickBuy.Dominio.csproj", "{C9CEB8CB-BBB0-4EC6-A6E4-8C21DB60195D}"
EndProject
Project("{9A19103F-16F7-4668-BE54-9A1E7A4F7556}") = "QuickBuy.Repositorio", "QuickBuy.Repositorio\QuickBuy.Repositorio.csproj", "{D3CEAC2F-5EC7-4F7A-A0D4-0F49796D167C}"
EndProject
Global
	GlobalSection(SolutionConfigurationPlatforms) = preSolution
		Debug|Any CPU = Debug|Any CPU
		Debug|x64 = Debug|x64
		Debug|x86 = Debug|x86
		Release|Any CPU = Release|Any CPU
		Release|x64 = Release|x64
		Release|x86 = Release|x86
	EndGlobalSection
	GlobalSection(ProjectConfigurationPlatforms) = postSolution
		{4D01FAB1-1425-4CFA-9AD3-16C385B03A8C}.Debug|Any CPU.ActiveCfg = Debug|Any CPU
		{4D01FAB1-1425-4CFA-9AD3-16C385B03A8C}.Debug|Any CPU.Build.0 = Debug|Any CPU
		{4D01FAB1-1425-4CFA-9AD3-16C385B03A8C}.Debug|x64.ActiveCfg = Debug|Any CPU
		{4D01FAB1-1425-4CFA-9AD3-16C385B03A8C}.Debug|x64.Build.0 = Debug|Any CPU
		{4D01FAB1-1425-4CFA-9AD3-16C385B03A8C}.Debug|x86.ActiveCfg = Debug|Any CPU
		{4D01FAB1-1425-4CFA-9AD3-16C385B03A8C}.Debug|x86.Build.0 = Debug|Any CPU
		{4D01FAB1-1425-4CFA-9AD3-16C385B03A8C}.Release|Any CPU.ActiveCfg = Release|Any CPU
		{4D01FAB1-1425-4CFA-9AD3-16C385B03A8C}.Release|Any CPU.Build.0 = Release|Any CPU
		{4D01FAB1-1425-4CFA-9AD3-16C385B03A8C}.Release|x64.ActiveCfg = Release|Any CPU
		{4D01FAB1-1425-4CFA-9AD3-16C385B03A8C}.Release|x64.Build.0 = Release|Any CPU
		{4D01FAB1-1425-4CFA-9AD3-16C385B03A8C}.Release|x86.ActiveCfg = Release|Any CPU
		{4D01FAB1-1425-4CFA-9AD3-16C385B03A8C}.Release|x86.Build.0 = Release|Any CPU
		{C9CEB8CB-BBB0-4EC6-A6E4-8C21DB60195D}.Debug|Any CPU.ActiveCfg = Debug|Any CPU
		{C9CEB8CB-BBB0-4EC6-A6E4-8C21DB60195D}.Debug|Any CPU.Build.0 = Debug|Any CPU
		{C9CEB8CB-BBB0-4EC6-A6E4-8C21DB60195D}.Debug|x64.ActiveCfg = Debug|Any CPU
		{C9CEB8CB-BBB0-4EC6-A6E4-8C21DB60195D}.Debug|x64.Build.0 = Debug|Any CPU
		{C9CEB8CB-BBB0-4EC6-A6E4-8C21DB60195D}.Debug|x86.ActiveCfg = Debug|Any CPU
		{C9CEB8CB-BBB0-4EC6-A6E4-8C21DB60195D}.Debug|x86.Build.0 = Debug|Any CPU
		{C9CEB8CB-BBB0-4EC6-A6E4-8C21DB60195D}.Release|Any CPU.ActiveCfg = Release|Any CPU
		{C9CEB8CB-BBB0-4EC6-A6E4-8C21DB60195D}.Release|Any CPU.Build.0 = Release|Any CPU
		{C9CEB8CB-BBB0-4EC6-A6E4-8C21DB60195D}.Release|x64.ActiveCfg = Release|Any CPU
		{C9CEB8CB-BBB0-4EC6-A6E4-8C21DB60195D}.Release|x64.Build.0 = Release|Any CPU
		{C9CEB8CB-BBB0-4EC6-A6E4-8C21DB60195D}.Release|x86.ActiveCfg = Release|Any CPU
		{C9CEB8CB-BBB0-4EC6-A6E4-8C21DB60195D}.Release|x86.Build.0 = Release|Any CPU
		{D3CEAC2F-5EC7-4F7A-A0D4-0F49796D167C}.Debug|Any CPU.ActiveCfg = Debug|Any CPU
		{D3CEAC2F-5EC7-4F7A-A0D4-0F49796D167C}.Debug|Any CPU.Build.0 = Debug|Any CPU
		{D3CEAC2F-5EC7-4F7A-A0D4-0F49796D167C}.Debug|x64.ActiveCfg = Debug|Any CPU
		{D3CEAC2F-5EC7-4F7A-A0D4-0F49796D167C}.Debug|x64.Build.0 = Debug|Any CPU
		{D3CEAC2F-5EC7-4F7A-A0D4-0F49796D167C}.Debug|x86.ActiveCfg = Debug|Any CPU
		{D3CEAC2F-5EC7-4F7A-A0D4-0F49796D167C}.Debug|x86.Build.0 = Debug|Any CPU
		{D3CEAC2F-5EC7-4F7A-A0D4-0F49796D167C}.Release|Any CPU.ActiveCfg = Release|Any CPU
		{D3CEAC2F-5EC7-4F7A-A0D4-0F49796D167C}.Release|Any CPU.Build.0 = Release|Any CPU
		{D3CEAC2F-5EC7-4F7A-A0D4-0F49796D167C}.Release|x64.ActiveCfg = Release|Any CPU
		{D3CEAC2F-5EC7-4F7A-A0D4-0F49796D167C}.Release|x64.Build.0 = Release|Any CPU
		{D3CEAC2F-5EC7-4F7A-A0D4-0F49796D167C}.Release|x86.ActiveCfg = Release|Any CPU
		{D3CEAC2F-5EC7-4F7A-A0D4-0F49796D167C}.Release|x86.Build.0 = Release|Any CPU
	EndGlobalSection
	GlobalSection(SolutionProperties) = preSolution
		HideSolutionNode = FALSE
	EndGlobalSection
	GlobalSection(ExtensibilityGlobals) = postSolution
		SolutionGuid = {900FF7FE-078C-4579-B7F2-B589507F6C40}
	EndGlobalSection
EndGlobal
